{
    "name": "teachx-schema",
    "version": "0.0.1-35",
    "lockfileVersion": 1,
    "requires": true,
    "dependencies": {
        "@types/bson": {
            "version": "1.0.6",
            "resolved": "https://registry.npmjs.org/@types/bson/-/bson-1.0.6.tgz",
            "integrity": "sha512-v7N8qcTGiYhLRyi+Y69R3tPC4GLqByCg3NC2EO6PciC166O9dNhjFPoXeMePtZ+0f+/O2xLDWXs5BLnRfcBaBA==",
            "requires": {
                "@types/node": "8.5.2"
            }
        },
        "@types/events": {
            "version": "1.1.0",
            "resolved": "https://registry.npmjs.org/@types/events/-/events-1.1.0.tgz",
            "integrity": "sha512-y3bR98mzYOo0pAZuiLari+cQyiKk3UXRuT45h1RjhfeCzqkjaVsfZJNaxdgtk7/3tzOm1ozLTqEqMP3VbI48jw=="
        },
        "@types/mongodb": {
            "version": "2.2.18",
            "resolved": "https://registry.npmjs.org/@types/mongodb/-/mongodb-2.2.18.tgz",
            "integrity": "sha512-bNookS+Y4N7B9/z9lZrTcVUdXSfrH8J+svBFCzxbCl5pOg32YeIgvKjrqD4yF7Ecec7bo7ZCdqajXS06TeuWdA==",
            "requires": {
                "@types/bson": "1.0.6",
                "@types/events": "1.1.0",
                "@types/node": "8.5.2"
            }
        },
        "@types/node": {
            "version": "8.5.2",
            "resolved": "https://registry.npmjs.org/@types/node/-/node-8.5.2.tgz",
            "integrity": "sha512-KA4GKOpgXnrqEH2eCVhiv2CsxgXGQJgV1X0vsGlh+WCnxbeAE1GT44ZsTU1IN5dEeV/gDupKa7gWo08V5IxWVQ=="
        },
        "typescript": {
            "version": "2.5.2",
            "resolved": "https://registry.npmjs.org/typescript/-/typescript-2.5.2.tgz",
            "integrity": "sha1-A4qV99m7tCCxvzW6MdTFwd0//jQ=",
            "dev": true
        }
    }
}
